
Microsoft Visual Studio Solution File, Format Version 12.00
Project("{FAE04EC0-301F-11D3-BF4B-00C04F79EFBC}") = "Cashwu.Core.Utility", "Cashwu.Core.Utility\Cashwu.Core.Utility.csproj", "{925F9C00-5E50-4B7B-B992-274AF1E76D30}"
EndProject
Project("{FAE04EC0-301F-11D3-BF4B-00C04F79EFBC}") = "Cashwu.Core.Utility.Tests", "Cashwu.Core.Utility.Tests\Cashwu.Core.Utility.Tests.csproj", "{62D8EF9F-B375-48EA-96A3-3DC6BF879C0C}"
EndProject
Global
	GlobalSection(SolutionConfigurationPlatforms) = preSolution
		Debug|Any CPU = Debug|Any CPU
		Release|Any CPU = Release|Any CPU
	EndGlobalSection
	GlobalSection(ProjectConfigurationPlatforms) = postSolution
		{925F9C00-5E50-4B7B-B992-274AF1E76D30}.Debug|Any CPU.ActiveCfg = Debug|Any CPU
		{925F9C00-5E50-4B7B-B992-274AF1E76D30}.Debug|Any CPU.Build.0 = Debug|Any CPU
		{925F9C00-5E50-4B7B-B992-274AF1E76D30}.Release|Any CPU.ActiveCfg = Release|Any CPU
		{925F9C00-5E50-4B7B-B992-274AF1E76D30}.Release|Any CPU.Build.0 = Release|Any CPU
		{62D8EF9F-B375-48EA-96A3-3DC6BF879C0C}.Debug|Any CPU.ActiveCfg = Debug|Any CPU
		{62D8EF9F-B375-48EA-96A3-3DC6BF879C0C}.Debug|Any CPU.Build.0 = Debug|Any CPU
		{62D8EF9F-B375-48EA-96A3-3DC6BF879C0C}.Release|Any CPU.ActiveCfg = Release|Any CPU
		{62D8EF9F-B375-48EA-96A3-3DC6BF879C0C}.Release|Any CPU.Build.0 = Release|Any CPU
	EndGlobalSection
EndGlobal
